{
  "version": 4,
  "terraform_version": "1.7.0",
  "serial": 5,
  "lineage": "bd4c2f07-8a6a-d96f-3da9-1af0099b333a",
  "outputs": {
    "cluster_name": {
      "value": "ml-dev-autoscaling",
      "type": "string"
    },
    "endpoint": {
      "value": "34.95.193.127",
      "type": "string"
    },
    "location": {
      "value": "southamerica-east1-b",
      "type": "string"
    },
    "node_pool_name": {
      "value": "ml-dev-autoscaling-pool",
      "type": "string"
    }
  },
  "resources": [
    {
      "mode": "managed",
      "type": "google_compute_network",
      "name": "vpc",
      "provider": "provider[\"registry.opentofu.org/hashicorp/google\"]",
      "instances": [
        {
          "schema_version": 0,
          "attributes": {
            "auto_create_subnetworks": false,
            "delete_default_routes_on_create": false,
            "description": "",
            "enable_ula_internal_ipv6": false,
            "gateway_ipv4": "",
            "id": "projects/psyched-bonfire-400612/global/networks/ml-vpc",
            "internal_ipv6_range": "",
            "mtu": 0,
            "name": "ml-vpc",
            "network_firewall_policy_enforcement_order": "AFTER_CLASSIC_FIREWALL",
            "numeric_id": "2348755967578976874",
            "project": "psyched-bonfire-400612",
            "routing_mode": "REGIONAL",
            "self_link": "https://www.googleapis.com/compute/v1/projects/psyched-bonfire-400612/global/networks/ml-vpc",
            "timeouts": null
          },
          "sensitive_attributes": [],
          "private": "eyJlMmJmYjczMC1lY2FhLTExZTYtOGY4OC0zNDM2M2JjN2M0YzAiOnsiY3JlYXRlIjoxMjAwMDAwMDAwMDAwLCJkZWxldGUiOjEyMDAwMDAwMDAwMDAsInVwZGF0ZSI6MTIwMDAwMDAwMDAwMH19"
        }
      ]
    },
    {
      "mode": "managed",
      "type": "google_compute_subnetwork",
      "name": "subnet",
      "provider": "provider[\"registry.opentofu.org/hashicorp/google\"]",
      "instances": [
        {
          "schema_version": 0,
          "attributes": {
            "creation_timestamp": "2025-12-04T14:35:13.784-08:00",
            "description": "",
            "external_ipv6_prefix": "",
            "fingerprint": null,
            "gateway_address": "10.0.0.1",
            "id": "projects/psyched-bonfire-400612/regions/southamerica-east1/subnetworks/ml-subnet",
            "internal_ipv6_prefix": "",
            "ip_cidr_range": "10.0.0.0/16",
            "ipv6_access_type": "",
            "ipv6_cidr_range": "",
            "log_config": [],
            "name": "ml-subnet",
            "network": "https://www.googleapis.com/compute/v1/projects/psyched-bonfire-400612/global/networks/ml-vpc",
            "private_ip_google_access": false,
            "private_ipv6_google_access": "DISABLE_GOOGLE_ACCESS",
            "project": "psyched-bonfire-400612",
            "purpose": "PRIVATE",
            "region": "southamerica-east1",
            "role": "",
            "secondary_ip_range": [],
            "self_link": "https://www.googleapis.com/compute/v1/projects/psyched-bonfire-400612/regions/southamerica-east1/subnetworks/ml-subnet",
            "send_secondary_ip_range_if_empty": null,
            "stack_type": "IPV4_ONLY",
            "timeouts": null
          },
          "sensitive_attributes": [],
          "private": "eyJlMmJmYjczMC1lY2FhLTExZTYtOGY4OC0zNDM2M2JjN2M0YzAiOnsiY3JlYXRlIjoxMjAwMDAwMDAwMDAwLCJkZWxldGUiOjEyMDAwMDAwMDAwMDAsInVwZGF0ZSI6MTIwMDAwMDAwMDAwMH19",
          "dependencies": [
            "google_compute_network.vpc"
          ]
        }
      ]
    },
    {
      "mode": "managed",
      "type": "google_container_cluster",
      "name": "dev_autoscaling",
      "provider": "provider[\"registry.opentofu.org/hashicorp/google\"]",
      "instances": [
        {
          "schema_version": 2,
          "attributes": {
            "addons_config": [
              {
                "cloudrun_config": [],
                "config_connector_config": [],
                "dns_cache_config": [],
                "gce_persistent_disk_csi_driver_config": [
                  {
                    "enabled": true
                  }
                ],
                "gcp_filestore_csi_driver_config": [],
                "gcs_fuse_csi_driver_config": [],
                "gke_backup_agent_config": [],
                "horizontal_pod_autoscaling": [],
                "http_load_balancing": [],
                "network_policy_config": [
                  {
                    "disabled": true
                  }
                ],
                "ray_operator_config": [],
                "stateful_ha_config": []
              }
            ],
            "allow_net_admin": null,
            "authenticator_groups_config": [],
            "binary_authorization": [
              {
                "enabled": false,
                "evaluation_mode": ""
              }
            ],
            "cluster_autoscaling": [
              {
                "auto_provisioning_defaults": [],
                "auto_provisioning_locations": [],
                "autoscaling_profile": "BALANCED",
                "enabled": false,
                "resource_limits": []
              }
            ],
            "cluster_ipv4_cidr": "10.64.0.0/14",
            "confidential_nodes": [],
            "cost_management_config": [],
            "database_encryption": [
              {
                "key_name": "",
                "state": "DECRYPTED"
              }
            ],
            "datapath_provider": "",
            "default_max_pods_per_node": 110,
            "default_snat_status": [
              {
                "disabled": false
              }
            ],
            "deletion_protection": true,
            "description": "",
            "dns_config": [],
            "enable_autopilot": false,
            "enable_cilium_clusterwide_network_policy": false,
            "enable_intranode_visibility": false,
            "enable_k8s_beta_apis": [],
            "enable_kubernetes_alpha": false,
            "enable_l4_ilb_subsetting": false,
            "enable_legacy_abac": false,
            "enable_multi_networking": false,
            "enable_shielded_nodes": true,
            "enable_tpu": false,
            "endpoint": "34.95.193.127",
            "fleet": [],
            "gateway_api_config": [],
            "id": "projects/psyched-bonfire-400612/locations/southamerica-east1-b/clusters/ml-dev-autoscaling",
            "identity_service_config": [],
            "initial_node_count": 1,
            "ip_allocation_policy": [
              {
                "additional_pod_ranges_config": [],
                "cluster_ipv4_cidr_block": "10.64.0.0/14",
                "cluster_secondary_range_name": "gke-ml-dev-autoscaling-pods-b23155ef",
                "pod_cidr_overprovision_config": [
                  {
                    "disabled": false
                  }
                ],
                "services_ipv4_cidr_block": "34.118.224.0/20",
                "services_secondary_range_name": "",
                "stack_type": "IPV4"
              }
            ],
            "label_fingerprint": "a9dc16a7",
            "location": "southamerica-east1-b",
            "logging_config": [
              {
                "enable_components": [
                  "SYSTEM_COMPONENTS",
                  "WORKLOADS"
                ]
              }
            ],
            "logging_service": "logging.googleapis.com/kubernetes",
            "maintenance_policy": [],
            "master_auth": [
              {
                "client_certificate": "",
                "client_certificate_config": [
                  {
                    "issue_client_certificate": false
                  }
                ],
                "client_key": "",
                "cluster_ca_certificate": "LS0tLS1CRUdJTiBDRVJUSUZJQ0FURS0tLS0tCk1JSUVMRENDQXBTZ0F3SUJBZ0lRSjFGWFU5c0lRUHNjbWJmRndCZXFDVEFOQmdrcWhraUc5dzBCQVFzRkFEQXYKTVMwd0t3WURWUVFERXlSa01UaGpNV1JoWkMwNFpHSTVMVFEyTmpndFlXSmtZaTAzTTJJMlpHRTVaREEzWVdJdwpJQmNOTWpVeE1qQTBNakV6TlRRMVdoZ1BNakExTlRFeE1qY3lNak0xTkRWYU1DOHhMVEFyQmdOVkJBTVRKR1F4Ck9HTXhaR0ZrTFRoa1lqa3RORFkyT0MxaFltUmlMVGN6WWpaa1lUbGtNRGRoWWpDQ0FhSXdEUVlKS29aSWh2Y04KQVFFQkJRQURnZ0dQQURDQ0FZb0NnZ0dCQUlpRzJRV0JWMldBODFGeE9lR2RrWEMxUlVZeDQ1TFRNaXdGRTdDVQo2SVZWUGdQL0Z3d09WOWtHOEx2dERjZWgxbVhpZ1hGY1FHZC9Zais1SE51YStLa1R2ZGZhc3hrbnZsYkpweTYvCnpRRjZCanZsM3BvQXh4ZEgrTnFqN21lTGlRMVNTUDlRaEkzZ3ZOdDArYU94ZkliKzlMSHk0SnFSaEViSkdoZlYKOWpDZjVTTDNOd20xazRIZ0szS0gzZVhTQ0FpNkQ5Q2EwMS9QYnVudzJ0ZXR3SW9HTkpMdHprOW1QQ054eVFndgp2NitqMXUydXJQalMyanl5cUFDaTJCcmw1UUlCTzROa29INzV5QUgxb3Nzbm1KOUU5LzhZYUxsZmExdG9ERjJRClNiMGxPK3pkblpEbDdMdGNoMVBRdTdtQXZScnIrTmxmUGR1NEVKS1N2NFd2VUNqdnpVNUQwcmFvaUdxS0NJYnYKT2lGTUh5MTM5eC9OVFg5Z2ROOTM4NUE1a3JHbUdRbGRCUzAvOEhVVVptNXRFb1NxTlN3NnVBV0tUQytRU2NyYwpSdnpQTTM5WnZHRzR3bkovbFVLSmpWdndRQ2NoOUNaZE8ya01uc3hlT3VJUWs3SHdZbzJnV3dYeFV2OHVXNFltCmQzRm5TVSsrTHhKcjRDeTlGcmZ3Z3JRdEF3SURBUUFCbzBJd1FEQU9CZ05WSFE4QkFmOEVCQU1DQWdRd0R3WUQKVlIwVEFRSC9CQVV3QXdFQi96QWRCZ05WSFE0RUZnUVU3cWdTM2I3YlpGV0ZHblFxbWd3akQ0cGxBNzR3RFFZSgpLb1pJaHZjTkFRRUxCUUFEZ2dHQkFIS29reEhrdzB3cTlhcDVoQjU2Z0tZcmYyK2ozeEgxNTZUK1h3R2Ywb3NuCi9PK3Y3d3UwN1crL2RtaVBIbWtZQUc2eUxjM0JVSmV2cGRzQ2VWZFQ0WjhWWDVQQ2Nvc3ovd080RDdrY2FaaXMKOVl6aC9WeUZyUm9KbmgvRWMvS2tjMEU5aWZjUTVUM3ZaK0Q5VThEM2k2Sjcwd1ZVSDhndWFFaC80VXhIUDdUUgpSWitQMXU1UVU5WnV0NzFFNW5HTnZTZHEwOHdCdDROYkJMMGpaOVF6czhCQUMweW5hSWRLRGZlUjhDZXhZTlJLCjBTRjNwNDI3QlE0V0NZemo2aEQwTHAvanc5L09icDBjbjRuY1Q2d1AxbzVteFYyaGNTWm1CanZxZys5Mk5XaHgKUTZISitwVXZuOVA2Nnd2bzNaWm01dVhvT2Nta0xvSG52KzVhdzUzL2F4c0JLQmR0dmZSbmJ3enhYUjQvd2VqbQoyVHNiMEFxTUtQblllTTRLMFlJSlFPTWUzRUlsd0VvSWY5dHZMSUNjTkdobytMYWlKN21Mb0M2UGxua0RpTGRPCi84SmZWZzlWM3dlQ09UQjFPMmtvdWdvUUsyVjhCS25VcTcvejV3SExTWHBSRUFDUGM1VVl1YlhnNHNzSXpDSlkKODZZc1QwVWRaUDV4Z2M4aUZVazArUT09Ci0tLS0tRU5EIENFUlRJRklDQVRFLS0tLS0K"
              }
            ],
            "master_authorized_networks_config": [],
            "master_version": "1.33.5-gke.1201000",
            "mesh_certificates": [],
            "min_master_version": null,
            "monitoring_config": [
              {
                "advanced_datapath_observability_config": [
                  {
                    "enable_metrics": false,
                    "enable_relay": false,
                    "relay_mode": "DISABLED"
                  }
                ],
                "enable_components": [
                  "SYSTEM_COMPONENTS",
                  "STATEFULSET",
                  "JOBSET",
                  "STORAGE",
                  "HPA",
                  "POD",
                  "DAEMONSET",
                  "DEPLOYMENT",
                  "KUBELET",
                  "CADVISOR",
                  "DCGM"
                ],
                "managed_prometheus": [
                  {
                    "enabled": true
                  }
                ]
              }
            ],
            "monitoring_service": "monitoring.googleapis.com/kubernetes",
            "name": "ml-dev-autoscaling",
            "network": "projects/psyched-bonfire-400612/global/networks/ml-vpc",
            "network_policy": [
              {
                "enabled": false,
                "provider": "PROVIDER_UNSPECIFIED"
              }
            ],
            "networking_mode": "VPC_NATIVE",
            "node_config": [],
            "node_locations": [],
            "node_pool": [],
            "node_pool_auto_config": [
              {
                "network_tags": [],
                "node_kubelet_config": [
                  {
                    "insecure_kubelet_readonly_port_enabled": "FALSE"
                  }
                ],
                "resource_manager_tags": {}
              }
            ],
            "node_pool_defaults": [
              {
                "node_config_defaults": [
                  {
                    "containerd_config": [],
                    "insecure_kubelet_readonly_port_enabled": "FALSE",
                    "logging_variant": "DEFAULT"
                  }
                ]
              }
            ],
            "node_version": "1.33.5-gke.1201000",
            "notification_config": [
              {
                "pubsub": [
                  {
                    "enabled": false,
                    "filter": [],
                    "topic": ""
                  }
                ]
              }
            ],
            "operation": null,
            "private_cluster_config": [
              {
                "enable_private_endpoint": false,
                "enable_private_nodes": false,
                "master_global_access_config": [
                  {
                    "enabled": false
                  }
                ],
                "master_ipv4_cidr_block": "",
                "peering_name": "",
                "private_endpoint": "10.0.0.2",
                "private_endpoint_subnetwork": "",
                "public_endpoint": "34.95.193.127"
              }
            ],
            "private_ipv6_google_access": "",
            "project": "psyched-bonfire-400612",
            "release_channel": [
              {
                "channel": "REGULAR"
              }
            ],
            "remove_default_node_pool": true,
            "resource_labels": null,
            "resource_usage_export_config": [],
            "security_posture_config": [
              {
                "mode": "BASIC",
                "vulnerability_mode": "VULNERABILITY_MODE_UNSPECIFIED"
              }
            ],
            "self_link": "https://container.googleapis.com/v1/projects/psyched-bonfire-400612/zones/southamerica-east1-b/clusters/ml-dev-autoscaling",
            "service_external_ips_config": [
              {
                "enabled": false
              }
            ],
            "services_ipv4_cidr": "34.118.224.0/20",
            "subnetwork": "projects/psyched-bonfire-400612/regions/southamerica-east1/subnetworks/ml-subnet",
            "timeouts": null,
            "tpu_ipv4_cidr_block": "",
            "vertical_pod_autoscaling": [],
            "workload_identity_config": []
          },
          "sensitive_attributes": [],
          "private": "eyJlMmJmYjczMC1lY2FhLTExZTYtOGY4OC0zNDM2M2JjN2M0YzAiOnsiY3JlYXRlIjoyNDAwMDAwMDAwMDAwLCJkZWxldGUiOjI0MDAwMDAwMDAwMDAsInJlYWQiOjI0MDAwMDAwMDAwMDAsInVwZGF0ZSI6MzYwMDAwMDAwMDAwMH0sInNjaGVtYV92ZXJzaW9uIjoiMiJ9",
          "dependencies": [
            "google_compute_network.vpc",
            "google_compute_subnetwork.subnet"
          ]
        }
      ]
    },
    {
      "mode": "managed",
      "type": "google_container_node_pool",
      "name": "dev_autoscaling_nodes",
      "provider": "provider[\"registry.opentofu.org/hashicorp/google\"]",
      "instances": [
        {
          "schema_version": 1,
          "attributes": {
            "autoscaling": [
              {
                "location_policy": "BALANCED",
                "max_node_count": 3,
                "min_node_count": 1,
                "total_max_node_count": 0,
                "total_min_node_count": 0
              }
            ],
            "cluster": "ml-dev-autoscaling",
            "id": "projects/psyched-bonfire-400612/locations/southamerica-east1-b/clusters/ml-dev-autoscaling/nodePools/ml-dev-autoscaling-pool",
            "initial_node_count": 1,
            "instance_group_urls": [
              "https://www.googleapis.com/compute/v1/projects/psyched-bonfire-400612/zones/southamerica-east1-b/instanceGroupManagers/gke-ml-dev-autoscali-ml-dev-autoscali-1ca169e1-grp"
            ],
            "location": "southamerica-east1-b",
            "managed_instance_group_urls": [
              "https://www.googleapis.com/compute/v1/projects/psyched-bonfire-400612/zones/southamerica-east1-b/instanceGroups/gke-ml-dev-autoscali-ml-dev-autoscali-1ca169e1-grp"
            ],
            "management": [
              {
                "auto_repair": true,
                "auto_upgrade": true
              }
            ],
            "max_pods_per_node": 110,
            "name": "ml-dev-autoscaling-pool",
            "name_prefix": "",
            "network_config": [
              {
                "additional_node_network_configs": [],
                "additional_pod_network_configs": [],
                "create_pod_range": false,
                "enable_private_nodes": false,
                "network_performance_config": [],
                "pod_cidr_overprovision_config": [],
                "pod_ipv4_cidr_block": "10.64.0.0/14",
                "pod_range": "gke-ml-dev-autoscaling-pods-b23155ef"
              }
            ],
            "node_config": [
              {
                "advanced_machine_features": [],
                "boot_disk_kms_key": "",
                "confidential_nodes": [],
                "containerd_config": [],
                "disk_size_gb": 30,
                "disk_type": "pd-balanced",
                "effective_taints": [],
                "enable_confidential_storage": false,
                "ephemeral_storage_local_ssd_config": [],
                "fast_socket": [],
                "gcfs_config": [],
                "guest_accelerator": [],
                "gvnic": [],
                "host_maintenance_policy": [],
                "image_type": "COS_CONTAINERD",
                "kubelet_config": [
                  {
                    "cpu_cfs_quota": false,
                    "cpu_cfs_quota_period": "",
                    "cpu_manager_policy": "",
                    "insecure_kubelet_readonly_port_enabled": "FALSE",
                    "pod_pids_limit": 0
                  }
                ],
                "labels": {},
                "linux_node_config": [],
                "local_nvme_ssd_block_config": [],
                "local_ssd_count": 0,
                "logging_variant": "DEFAULT",
                "machine_type": "e2-medium",
                "metadata": {
                  "disable-legacy-endpoints": "true"
                },
                "min_cpu_platform": "",
                "node_group": "",
                "oauth_scopes": [
                  "https://www.googleapis.com/auth/cloud-platform"
                ],
                "preemptible": false,
                "reservation_affinity": [],
                "resource_labels": {
                  "goog-gke-node-pool-provisioning-model": "on-demand"
                },
                "resource_manager_tags": null,
                "secondary_boot_disks": [],
                "service_account": "default",
                "shielded_instance_config": [
                  {
                    "enable_integrity_monitoring": true,
                    "enable_secure_boot": false
                  }
                ],
                "sole_tenant_config": [],
                "spot": false,
                "tags": null,
                "taint": [],
                "workload_metadata_config": []
              }
            ],
            "node_count": 1,
            "node_locations": [
              "southamerica-east1-b"
            ],
            "operation": null,
            "placement_policy": [],
            "project": "psyched-bonfire-400612",
            "queued_provisioning": [],
            "timeouts": null,
            "upgrade_settings": [
              {
                "blue_green_settings": [],
                "max_surge": 1,
                "max_unavailable": 0,
                "strategy": "SURGE"
              }
            ],
            "version": "1.33.5-gke.1201000"
          },
          "sensitive_attributes": [],
          "private": "eyJlMmJmYjczMC1lY2FhLTExZTYtOGY4OC0zNDM2M2JjN2M0YzAiOnsiY3JlYXRlIjoxODAwMDAwMDAwMDAwLCJkZWxldGUiOjE4MDAwMDAwMDAwMDAsInVwZGF0ZSI6MTgwMDAwMDAwMDAwMH0sInNjaGVtYV92ZXJzaW9uIjoiMSJ9",
          "dependencies": [
            "google_compute_network.vpc",
            "google_compute_subnetwork.subnet",
            "google_container_cluster.dev_autoscaling"
          ]
        }
      ]
    }
  ],
  "check_results": null
}
